{
  "name": "parser",
  "version": "1.0.0",
  "lockfileVersion": 3,
  "requires": true,
  "packages": {
    "": {
      "name": "parser",
      "version": "1.0.0",
      "license": "ISC",
      "dependencies": {
        "voca": "^1.4.1"
      }
    },
    "node_modules/voca": {
      "version": "1.4.1",
      "resolved": "https://registry.npmjs.org/voca/-/voca-1.4.1.tgz",
      "integrity": "sha512-NJC/BzESaHT1p4B5k4JykxedeltmNbau4cummStd4RjFojgq/kLew5TzYge9N2geeWyI2w8T30wUET5v+F7ZHA=="
    }
  }
}
